
Microsoft Visual Studio Solution File, Format Version 12.00
# Visual Studio Version 17
VisualStudioVersion = 17.10.35013.160
MinimumVisualStudioVersion = 10.0.40219.1
Project("{FAE04EC0-301F-11D3-BF4B-00C04F79EFBC}") = "WpfApp", "WpfApp\WpfApp.csproj", "{B279AD3D-67EF-4DC1-91C5-67E7243BC18A}"
EndProject
Global
	GlobalSection(SolutionConfigurationPlatforms) = preSolution
		Debug|Any CPU = Debug|Any CPU
		Release|Any CPU = Release|Any CPU
	EndGlobalSection
	GlobalSection(ProjectConfigurationPlatforms) = postSolution
		{B279AD3D-67EF-4DC1-91C5-67E7243BC18A}.Debug|Any CPU.ActiveCfg = Debug|Any CPU
		{B279AD3D-67EF-4DC1-91C5-67E7243BC18A}.Debug|Any CPU.Build.0 = Debug|Any CPU
		{B279AD3D-67EF-4DC1-91C5-67E7243BC18A}.Release|Any CPU.ActiveCfg = Release|Any CPU
		{B279AD3D-67EF-4DC1-91C5-67E7243BC18A}.Release|Any CPU.Build.0 = Release|Any CPU
	EndGlobalSection
	GlobalSection(SolutionProperties) = preSolution
		HideSolutionNode = FALSE
	EndGlobalSection
	GlobalSection(ExtensibilityGlobals) = postSolution
		SolutionGuid = {5972D8A6-0EB8-44D5-82CE-D2A6457109E4}
	EndGlobalSection
EndGlobal
