
Microsoft Visual Studio Solution File, Format Version 12.00
# Visual Studio Version 17
VisualStudioVersion = 17.10.35013.160
MinimumVisualStudioVersion = 10.0.40219.1
Project("{FAE04EC0-301F-11D3-BF4B-00C04F79EFBC}") = "WindowsFormsApp4", "WindowsFormsApp4\WindowsFormsApp4.csproj", "{C351CD26-42B1-4910-8D7B-3042E9349527}"
EndProject
Project("{FAE04EC0-301F-11D3-BF4B-00C04F79EFBC}") = "RandomNumber", "RandomNumber\RandomNumber.csproj", "{69899F42-D160-427B-9F4F-13D88ADF0480}"
EndProject
Global
	GlobalSection(SolutionConfigurationPlatforms) = preSolution
		Debug|Any CPU = Debug|Any CPU
		Release|Any CPU = Release|Any CPU
	EndGlobalSection
	GlobalSection(ProjectConfigurationPlatforms) = postSolution
		{C351CD26-42B1-4910-8D7B-3042E9349527}.Debug|Any CPU.ActiveCfg = Debug|Any CPU
		{C351CD26-42B1-4910-8D7B-3042E9349527}.Debug|Any CPU.Build.0 = Debug|Any CPU
		{C351CD26-42B1-4910-8D7B-3042E9349527}.Release|Any CPU.ActiveCfg = Release|Any CPU
		{C351CD26-42B1-4910-8D7B-3042E9349527}.Release|Any CPU.Build.0 = Release|Any CPU
		{69899F42-D160-427B-9F4F-13D88ADF0480}.Debug|Any CPU.ActiveCfg = Debug|Any CPU
		{69899F42-D160-427B-9F4F-13D88ADF0480}.Debug|Any CPU.Build.0 = Debug|Any CPU
		{69899F42-D160-427B-9F4F-13D88ADF0480}.Release|Any CPU.ActiveCfg = Release|Any CPU
		{69899F42-D160-427B-9F4F-13D88ADF0480}.Release|Any CPU.Build.0 = Release|Any CPU
	EndGlobalSection
	GlobalSection(SolutionProperties) = preSolution
		HideSolutionNode = FALSE
	EndGlobalSection
	GlobalSection(ExtensibilityGlobals) = postSolution
		SolutionGuid = {8C30BEDA-981D-4470-A294-CCCFED76077B}
	EndGlobalSection
EndGlobal
